// !$*UTF8*$!
{
	archiveVersion = 1;
	classes = {
	};
	objectVersion = 77;
	objects = {

/* Begin PBXContainerItemProxy section */
		2FE7862F2F62060E00A04A50 /* PBXContainerItemProxy */ = {
			isa = PBXContainerItemProxy;
			containerPortal = 2FE786142F62060A00A04A50 /* Project object */;
			proxyType = 1;
			remoteGlobalIDString = 2FE7861B2F62060A00A04A50;
			remoteInfo = "Sucro - Take Care of Diabetes";
		};
		2FE786392F62060E00A04A50 /* PBXContainerItemProxy */ = {
			isa = PBXContainerItemProxy;
			containerPortal = 2FE786142F62060A00A04A50 /* Project object */;
			proxyType = 1;
			remoteGlobalIDString = 2FE7861B2F62060A00A04A50;
			remoteInfo = "Sucro - Take Care of Diabetes";
		};
/* End PBXContainerItemProxy section */

/* Begin PBXFileReference section */
		2FE7861C2F62060A00A04A50 /* Sucro - Take Care of Diabetes.app */ = {isa = PBXFileReference; explicitFileType = wrapper.application; includeInIndex = 0; path = "Sucro - Take Care of Diabetes.app"; sourceTree = BUILT_PRODUCTS_DIR; };
		2FE7862E2F62060E00A04A50 /* Sucro - Take Care of DiabetesTests.xctest */ = {isa = PBXFileReference; explicitFileType = wrapper.cfbundle; includeInIndex = 0; path = "Sucro - Take Care of DiabetesTests.xctest"; sourceTree = BUILT_PRODUCTS_DIR; };
		2FE786382F62060E00A04A50 /* Sucro - Take Care of DiabetesUITests.xctest */ = {isa = PBXFileReference; explicitFileType = wrapper.cfbundle; includeInIndex = 0; path = "Sucro - Take Care of DiabetesUITests.xctest"; sourceTree = BUILT_PRODUCTS_DIR; };
/* End PBXFileReference section */

/* Begin PBXFileSystemSynchronizedBuildFileExceptionSet section */
		2FE789562F63BF1800A04A50 /* Exceptions for "Sucro - Take Care of Diabetes" folder in "Sucro - Take Care of Diabetes" target */ = {
			isa = PBXFileSystemSynchronizedBuildFileExceptionSet;
			membershipExceptions = (
				Views/Components/EditViews/OptionalBinding.swift,
			);
			target = 2FE7861B2F62060A00A04A50 /* Sucro - Take Care of Diabetes */;
		};
/* End PBXFileSystemSynchronizedBuildFileExceptionSet section */

/* Begin PBXFileSystemSynchronizedGroupBuildPhaseMembershipExceptionSet section */
		2FE789572F63BF1800A04A50 /* Exceptions for "Sucro - Take Care of Diabetes" folder in "Copy Bundle Resources" phase from "Sucro - Take Care of Diabetes" target */ = {
			isa = PBXFileSystemSynchronizedGroupBuildPhaseMembershipExceptionSet;
			buildPhase = 2FE7861A2F62060A00A04A50 /* Resources */;
			membershipExceptions = (
				Views/Components/EditViews/OptionalBinding.swift,
			);
		};
/* End PBXFileSystemSynchronizedGroupBuildPhaseMembershipExceptionSet section */

/* Begin PBXFileSystemSynchronizedRootGroup section */
		2FE7861E2F62060A00A04A50 /* Sucro - Take Care of Diabetes */ = {
			isa = PBXFileSystemSynchronizedRootGroup;
			exceptions = (
				2FE789562F63BF1800A04A50 /* Exceptions for "Sucro - Take Care of Diabetes" folder in "Sucro - Take Care of Diabetes" target */,
				2FE789572F63BF1800A04A50 /* Exceptions for "Sucro - Take Care of Diabetes" folder in "Copy Bundle Resources" phase from "Sucro - Take Care of Diabetes" target */,
			);
			path = "Sucro - Take Care of Diabetes";
			sourceTree = "<group>";
		};
		2FE786312F62060E00A04A50 /* Sucro - Take Care of DiabetesTests */ = {
			isa = PBXFileSystemSynchronizedRootGroup;
			path = "Sucro - Take Care of DiabetesTests";
			sourceTree = "<group>";
		};
		2FE7863B2F62060E00A04A50 /* Sucro - Take Care of DiabetesUITests */ = {
			isa = PBXFileSystemSynchronizedRootGroup;
			path = "Sucro - Take Care of DiabetesUITests";
			sourceTree = "<group>";
		};
/* End PBXFileSystemSynchronizedRootGroup section */

/* Begin PBXFrameworksBuildPhase section */
		2FE786192F62060A00A04A50 /* Frameworks */ = {
			isa = PBXFrameworksBuildPhase;
			buildActionMask = 2147483647;
			files = (
			);
			runOnlyForDeploymentPostprocessing = 0;
		};
		2FE7862B2F62060E00A04A50 /* Frameworks */ = {
			isa = PBXFrameworksBuildPhase;
			buildActionMask = 2147483647;
			files = (
			);
			runOnlyForDeploymentPostprocessing = 0;
		};
		2FE786352F62060E00A04A50 /* Frameworks */ = {
			isa = PBXFrameworksBuildPhase;
			buildActionMask = 2147483647;
			files = (
			);
			runOnlyForDeploymentPostprocessing = 0;
		};
/* End PBXFrameworksBuildPhase section */

/* Begin PBXGroup section */
		2FE786132F62060A00A04A50 = {
			isa = PBXGroup;
			children = (
				2FE7861E2F62060A00A04A50 /* Sucro - Take Care of Diabetes */,
				2FE786312F62060E00A04A50 /* Sucro - Take Care of DiabetesTests */,
				2FE7863B2F62060E00A04A50 /* Sucro - Take Care of DiabetesUITests */,
				2FE7861D2F62060A00A04A50 /* Products */,
			);
			sourceTree = "<group>";
		};
		2FE7861D2F62060A00A04A50 /* Products */ = {
			isa = PBXGroup;
			children = (
				2FE7861C2F62060A00A04A50 /* Sucro - Take Care of Diabetes.app */,
				2FE7862E2F62060E00A04A50 /* Sucro - Take Care of DiabetesTests.xctest */,
				2FE786382F62060E00A04A50 /* Sucro - Take Care of DiabetesUITests.xctest */,
			);
			name = Products;
			sourceTree = "<group>";
		};
/* End PBXGroup section */

/* Begin PBXNativeTarget section */
		2FE7861B2F62060A00A04A50 /* Sucro - Take Care of Diabetes */ = {
			isa = PBXNativeTarget;
			buildConfigurationList = 2FE786422F62060E00A04A50 /* Build configuration list for PBXNativeTarget "Sucro - Take Care of Diabetes" */;
			buildPhases = (
				2FE786182F62060A00A04A50 /* Sources */,
				2FE786192F62060A00A04A50 /* Frameworks */,
				2FE7861A2F62060A00A04A50 /* Resources */,
			);
			buildRules = (
			);
			dependencies = (
			);
			fileSystemSynchronizedGroups = (
				2FE7861E2F62060A00A04A50 /* Sucro - Take Care of Diabetes */,
			);
			name = "Sucro - Take Care of Diabetes";
			packageProductDependencies = (
			);
			productName = "Sucro - Take Care of Diabetes";
			productReference = 2FE7861C2F62060A00A04A50 /* Sucro - Take Care of Diabetes.app */;
			productType = "com.apple.product-type.application";
		};
		2FE7862D2F62060E00A04A50 /* Sucro - Take Care of DiabetesTests */ = {
			isa = PBXNativeTarget;
			buildConfigurationList = 2FE786452F62060E00A04A50 /* Build configuration list for PBXNativeTarget "Sucro - Take Care of DiabetesTests" */;
			buildPhases = (
				2FE7862A2F62060E00A04A50 /* Sources */,
				2FE7862B2F62060E00A04A50 /* Frameworks */,
				2FE7862C2F62060E00A04A50 /* Resources */,
			);
			buildRules = (
			);
			dependencies = (
				2FE786302F62060E00A04A50 /* PBXTargetDependency */,
			);
			fileSystemSynchronizedGroups = (
				2FE786312F62060E00A04A50 /* Sucro - Take Care of DiabetesTests */,
			);
			name = "Sucro - Take Care of DiabetesTests";
			packageProductDependencies = (
			);
			productName = "Sucro - Take Care of DiabetesTests";
			productReference = 2FE7862E2F62060E00A04A50 /* Sucro - Take Care of DiabetesTests.xctest */;
			productType = "com.apple.product-type.bundle.unit-test";
		};
		2FE786372F62060E00A04A50 /* Sucro - Take Care of DiabetesUITests */ = {
			isa = PBXNativeTarget;
			buildConfigurationList = 2FE786482F62060E00A04A50 /* Build configuration list for PBXNativeTarget "Sucro - Take Care of DiabetesUITests" */;
			buildPhases = (
				2FE786342F62060E00A04A50 /* Sources */,
				2FE786352F62060E00A04A50 /* Frameworks */,
				2FE786362F62060E00A04A50 /* Resources */,
			);
			buildRules = (
			);
			dependencies = (
				2FE7863A2F62060E00A04A50 /* PBXTargetDependency */,
			);
			fileSystemSynchronizedGroups = (
				2FE7863B2F62060E00A04A50 /* Sucro - Take Care of DiabetesUITests */,
			);
			name = "Sucro - Take Care of DiabetesUITests";
			packageProductDependencies = (
			);
			productName = "Sucro - Take Care of DiabetesUITests";
			productReference = 2FE786382F62060E00A04A50 /* Sucro - Take Care of DiabetesUITests.xctest */;
			productType = "com.apple.product-type.bundle.ui-testing";
		};
/* End PBXNativeTarget section */

/* Begin PBXProject section */
		2FE786142F62060A00A04A50 /* Project object */ = {
			isa = PBXProject;
			attributes = {
				BuildIndependentTargetsInParallel = 1;
				LastSwiftUpdateCheck = 2600;
				LastUpgradeCheck = 2600;
				TargetAttributes = {
					2FE7861B2F62060A00A04A50 = {
						CreatedOnToolsVersion = 26.0.1;
					};
					2FE7862D2F62060E00A04A50 = {
						CreatedOnToolsVersion = 26.0.1;
						TestTargetID = 2FE7861B2F62060A00A04A50;
					};
					2FE786372F62060E00A04A50 = {
						CreatedOnToolsVersion = 26.0.1;
						TestTargetID = 2FE7861B2F62060A00A04A50;
					};
				};
			};
			buildConfigurationList = 2FE786172F62060A00A04A50 /* Build configuration list for PBXProject "Sucro - Take Care of Diabetes" */;
			developmentRegion = en;
			hasScannedForEncodings = 0;
			knownRegions = (
				en,
				Base,
			);
			mainGroup = 2FE786132F62060A00A04A50;
			minimizedProjectReferenceProxies = 1;
			preferredProjectObjectVersion = 77;
			productRefGroup = 2FE7861D2F62060A00A04A50 /* Products */;
			projectDirPath = "";
			projectRoot = "";
			targets = (
				2FE7861B2F62060A00A04A50 /* Sucro - Take Care of Diabetes */,
				2FE7862D2F62060E00A04A50 /* Sucro - Take Care of DiabetesTests */,
				2FE786372F62060E00A04A50 /* Sucro - Take Care of DiabetesUITests */,
			);
		};
/* End PBXProject section */

/* Begin PBXResourcesBuildPhase section */
		2FE7861A2F62060A00A04A50 /* Resources */ = {
			isa = PBXResourcesBuildPhase;
			buildActionMask = 2147483647;
			files = (
			);
			runOnlyForDeploymentPostprocessing = 0;
		};
		2FE7862C2F62060E00A04A50 /* Resources */ = {
			isa = PBXResourcesBuildPhase;
			buildActionMask = 2147483647;
			files = (
			);
			runOnlyForDeploymentPostprocessing = 0;
		};
		2FE786362F62060E00A04A50 /* Resources */ = {
			isa = PBXResourcesBuildPhase;
			buildActionMask = 2147483647;
			files = (
			);
			runOnlyForDeploymentPostprocessing = 0;
		};
/* End PBXResourcesBuildPhase section */

/* Begin PBXSourcesBuildPhase section */
		2FE786182F62060A00A04A50 /* Sources */ = {
			isa = PBXSourcesBuildPhase;
			buildActionMask = 2147483647;
			files = (
			);
			runOnlyForDeploymentPostprocessing = 0;
		};
		2FE7862A2F62060E00A04A50 /* Sources */ = {
			isa = PBXSourcesBuildPhase;
			buildActionMask = 2147483647;
			files = (
			);
			runOnlyForDeploymentPostprocessing = 0;
		};
		2FE786342F62060E00A04A50 /* Sources */ = {
			isa = PBXSourcesBuildPhase;
			buildActionMask = 2147483647;
			files = (
			);
			runOnlyForDeploymentPostprocessing = 0;
		};
/* End PBXSourcesBuildPhase section */

/* Begin PBXTargetDependency section */
		2FE786302F62060E00A04A50 /* PBXTargetDependency */ = {
			isa = PBXTargetDependency;
			target = 2FE7861B2F62060A00A04A50 /* Sucro - Take Care of Diabetes */;
			targetProxy = 2FE7862F2F62060E00A04A50 /* PBXContainerItemProxy */;
		};
		2FE7863A2F62060E00A04A50 /* PBXTargetDependency */ = {
			isa = PBXTargetDependency;
			target = 2FE7861B2F62060A00A04A50 /* Sucro - Take Care of Diabetes */;
			targetProxy = 2FE786392F62060E00A04A50 /* PBXContainerItemProxy */;
		};
/* End PBXTargetDependency section */

/* Begin XCBuildConfiguration section */
		2FE786402F62060E00A04A50 /* Debug */ = {
			isa = XCBuildConfiguration;
			buildSettings = {
				ALWAYS_SEARCH_USER_PATHS = NO;
				ASSETCATALOG_COMPILER_GENERATE_SWIFT_ASSET_SYMBOL_EXTENSIONS = YES;
				CLANG_ANALYZER_NONNULL = YES;
				CLANG_ANALYZER_NUMBER_OBJECT_CONVERSION = YES_AGGRESSIVE;
				CLANG_CXX_LANGUAGE_STANDARD = "gnu++20";
				CLANG_ENABLE_MODULES = YES;
				CLANG_ENABLE_OBJC_ARC = YES;
				CLANG_ENABLE_OBJC_WEAK = YES;
				CLANG_WARN_BLOCK_CAPTURE_AUTORELEASING = YES;
				CLANG_WARN_BOOL_CONVERSION = YES;
				CLANG_WARN_COMMA = YES;
				CLANG_WARN_CONSTANT_CONVERSION = YES;
				CLANG_WARN_DEPRECATED_OBJC_IMPLEMENTATIONS = YES;
				CLANG_WARN_DIRECT_OBJC_ISA_USAGE = YES_ERROR;
				CLANG_WARN_DOCUMENTATION_COMMENTS = YES;
				CLANG_WARN_EMPTY_BODY = YES;
				CLANG_WARN_ENUM_CONVERSION = YES;
				CLANG_WARN_INFINITE_RECURSION = YES;
				CLANG_WARN_INT_CONVERSION = YES;
				CLANG_WARN_NON_LITERAL_NULL_CONVERSION = YES;
				CLANG_WARN_OBJC_IMPLICIT_RETAIN_SELF = YES;
				CLANG_WARN_OBJC_LITERAL_CONVERSION = YES;
				CLANG_WARN_OBJC_ROOT_CLASS = YES_ERROR;
				CLANG_WARN_QUOTED_INCLUDE_IN_FRAMEWORK_HEADER = YES;
				CLANG_WARN_RANGE_LOOP_ANALYSIS = YES;
				CLANG_WARN_STRICT_PROTOTYPES = YES;
				CLANG_WARN_SUSPICIOUS_MOVE = YES;
				CLANG_WARN_UNGUARDED_AVAILABILITY = YES_AGGRESSIVE;
				CLANG_WARN_UNREACHABLE_CODE = YES;
				CLANG_WARN__DUPLICATE_METHOD_MATCH = YES;
				COPY_PHASE_STRIP = NO;
				DEBUG_INFORMATION_FORMAT = dwarf;
				DEVELOPMENT_TEAM = 5XTU3ZWHX9;
				ENABLE_STRICT_OBJC_MSGSEND = YES;
				ENABLE_TESTABILITY = YES;
				ENABLE_USER_SCRIPT_SANDBOXING = YES;
				GCC_C_LANGUAGE_STANDARD = gnu17;
				GCC_DYNAMIC_NO_PIC = NO;
				GCC_NO_COMMON_BLOCKS = YES;
				GCC_OPTIMIZATION_LEVEL = 0;
				GCC_PREPROCESSOR_DEFINITIONS = (
					"DEBUG=1",
					"$(inherited)",
				);
				GCC_WARN_64_TO_32_BIT_CONVERSION = YES;
				GCC_WARN_ABOUT_RETURN_TYPE = YES_ERROR;
				GCC_WARN_UNDECLARED_SELECTOR = YES;
				GCC_WARN_UNINITIALIZED_AUTOS = YES_AGGRESSIVE;
				GCC_WARN_UNUSED_FUNCTION = YES;
				GCC_WARN_UNUSED_VARIABLE = YES;
				IPHONEOS_DEPLOYMENT_TARGET = 26.0;
				LOCALIZATION_PREFERS_STRING_CATALOGS = YES;
				MTL_ENABLE_DEBUG_INFO = INCLUDE_SOURCE;
				MTL_FAST_MATH = YES;
				ONLY_ACTIVE_ARCH = YES;
				SDKROOT = iphoneos;
				SWIFT_ACTIVE_COMPILATION_CONDITIONS = "DEBUG $(inherited)";
				SWIFT_OPTIMIZATION_LEVEL = "-Onone";
			};
			name = Debug;
		};
		2FE786412F62060E00A04A50 /* Release */ = {
			isa = XCBuildConfiguration;
			buildSettings = {
				ALWAYS_SEARCH_USER_PATHS = NO;
				ASSETCATALOG_COMPILER_GENERATE_SWIFT_ASSET_SYMBOL_EXTENSIONS = YES;
				CLANG_ANALYZER_NONNULL = YES;
				CLANG_ANALYZER_NUMBER_OBJECT_CONVERSION = YES_AGGRESSIVE;
				CLANG_CXX_LANGUAGE_STANDARD = "gnu++20";
				CLANG_ENABLE_MODULES = YES;
				CLANG_ENABLE_OBJC_ARC = YES;
				CLANG_ENABLE_OBJC_WEAK = YES;
				CLANG_WARN_BLOCK_CAPTURE_AUTORELEASING = YES;
				CLANG_WARN_BOOL_CONVERSION = YES;
				CLANG_WARN_COMMA = YES;
				CLANG_WARN_CONSTANT_CONVERSION = YES;
				CLANG_WARN_DEPRECATED_OBJC_IMPLEMENTATIONS = YES;
				CLANG_WARN_DIRECT_OBJC_ISA_USAGE = YES_ERROR;
				CLANG_WARN_DOCUMENTATION_COMMENTS = YES;
				CLANG_WARN_EMPTY_BODY = YES;
				CLANG_WARN_ENUM_CONVERSION = YES;
				CLANG_WARN_INFINITE_RECURSION = YES;
				CLANG_WARN_INT_CONVERSION = YES;
				CLANG_WARN_NON_LITERAL_NULL_CONVERSION = YES;
				CLANG_WARN_OBJC_IMPLICIT_RETAIN_SELF = YES;
				CLANG_WARN_OBJC_LITERAL_CONVERSION = YES;
				CLANG_WARN_OBJC_ROOT_CLASS = YES_ERROR;
				CLANG_WARN_QUOTED_INCLUDE_IN_FRAMEWORK_HEADER = YES;
				CLANG_WARN_RANGE_LOOP_ANALYSIS = YES;
				CLANG_WARN_STRICT_PROTOTYPES = YES;
				CLANG_WARN_SUSPICIOUS_MOVE = YES;
				CLANG_WARN_UNGUARDED_AVAILABILITY = YES_AGGRESSIVE;
				CLANG_WARN_UNREACHABLE_CODE = YES;
				CLANG_WARN__DUPLICATE_METHOD_MATCH = YES;
				COPY_PHASE_STRIP = NO;
				DEBUG_INFORMATION_FORMAT = "dwarf-with-dsym";
				DEVELOPMENT_TEAM = 5XTU3ZWHX9;
				ENABLE_NS_ASSERTIONS = NO;
				ENABLE_STRICT_OBJC_MSGSEND = YES;
				ENABLE_USER_SCRIPT_SANDBOXING = YES;
				GCC_C_LANGUAGE_STANDARD = gnu17;
				GCC_NO_COMMON_BLOCKS = YES;
				GCC_WARN_64_TO_32_BIT_CONVERSION = YES;
				GCC_WARN_ABOUT_RETURN_TYPE = YES_ERROR;
				GCC_WARN_UNDECLARED_SELECTOR = YES;
				GCC_WARN_UNINITIALIZED_AUTOS = YES_AGGRESSIVE;
				GCC_WARN_UNUSED_FUNCTION = YES;
				GCC_WARN_UNUSED_VARIABLE = YES;
				IPHONEOS_DEPLOYMENT_TARGET = 26.0;
				LOCALIZATION_PREFERS_STRING_CATALOGS = YES;
				MTL_ENABLE_DEBUG_INFO = NO;
				MTL_FAST_MATH = YES;
				SDKROOT = iphoneos;
				SWIFT_COMPILATION_MODE = wholemodule;
				VALIDATE_PRODUCT = YES;
			};
			name = Release;
		};
		2FE786432F62060E00A04A50 /* Debug */ = {
			isa = XCBuildConfiguration;
			buildSettings = {
				ASSETCATALOG_COMPILER_APPICON_NAME = AppIcon;
				ASSETCATALOG_COMPILER_GLOBAL_ACCENT_COLOR_NAME = AccentColor;
				CODE_SIGN_STYLE = Automatic;
				CURRENT_PROJECT_VERSION = 1;
				DEVELOPMENT_TEAM = 5XTU3ZWHX9;
				ENABLE_PREVIEWS = YES;
				GENERATE_INFOPLIST_FILE = YES;
				INFOPLIST_KEY_NSBluetoothAlwaysUsageDescription = "\"Sucro needs Bluetooth to connect to your CGM device for glucose monitoring.\"";
				INFOPLIST_KEY_UIApplicationSceneManifest_Generation = YES;
				INFOPLIST_KEY_UIApplicationSupportsIndirectInputEvents = YES;
				INFOPLIST_KEY_UILaunchScreen_Generation = YES;
				INFOPLIST_KEY_UISupportedInterfaceOrientations_iPad = "UIInterfaceOrientationPortrait UIInterfaceOrientationPortraitUpsideDown UIInterfaceOrientationLandscapeLeft UIInterfaceOrientationLandscapeRight";
				INFOPLIST_KEY_UISupportedInterfaceOrientations_iPhone = "UIInterfaceOrientationPortrait UIInterfaceOrientationLandscapeLeft UIInterfaceOrientationLandscapeRight";
				LD_RUNPATH_SEARCH_PATHS = (
					"$(inherited)",
					"@executable_path/Frameworks",
				);
				MARKETING_VERSION = 1.0;
				PRODUCT_BUNDLE_IDENTIFIER = "com.AngadKumar16.Sucro---Take-Care-of-Diabetes";
				PRODUCT_NAME = "$(TARGET_NAME)";
				STRING_CATALOG_GENERATE_SYMBOLS = YES;
				SWIFT_APPROACHABLE_CONCURRENCY = YES;
				SWIFT_DEFAULT_ACTOR_ISOLATION = MainActor;
				SWIFT_EMIT_LOC_STRINGS = YES;
				SWIFT_UPCOMING_FEATURE_MEMBER_IMPORT_VISIBILITY = YES;
				SWIFT_VERSION = 5.0;
				TARGETED_DEVICE_FAMILY = "1,2";
			};
			name = Debug;
		};
		2FE786442F62060E00A04A50 /* Release */ = {
			isa = XCBuildConfiguration;
			buildSettings = {
				ASSETCATALOG_COMPILER_APPICON_NAME = AppIcon;
				ASSETCATALOG_COMPILER_GLOBAL_ACCENT_COLOR_NAME = AccentColor;
				CODE_SIGN_STYLE = Automatic;
				CURRENT_PROJECT_VERSION = 1;
				DEVELOPMENT_TEAM = 5XTU3ZWHX9;
				ENABLE_PREVIEWS = YES;
				GENERATE_INFOPLIST_FILE = YES;
				INFOPLIST_KEY_NSBluetoothAlwaysUsageDescription = "\"Sucro needs Bluetooth to connect to your CGM device for glucose monitoring.\"";
				INFOPLIST_KEY_UIApplicationSceneManifest_Generation = YES;
				INFOPLIST_KEY_UIApplicationSupportsIndirectInputEvents = YES;
				INFOPLIST_KEY_UILaunchScreen_Generation = YES;
				INFOPLIST_KEY_UISupportedInterfaceOrientations_iPad = "UIInterfaceOrientationPortrait UIInterfaceOrientationPortraitUpsideDown UIInterfaceOrientationLandscapeLeft UIInterfaceOrientationLandscapeRight";
				INFOPLIST_KEY_UISupportedInterfaceOrientations_iPhone = "UIInterfaceOrientationPortrait UIInterfaceOrientationLandscapeLeft UIInterfaceOrientationLandscapeRight";
				LD_RUNPATH_SEARCH_PATHS = (
					"$(inherited)",
					"@executable_path/Frameworks",
				);
				MARKETING_VERSION = 1.0;
				PRODUCT_BUNDLE_IDENTIFIER = "com.AngadKumar16.Sucro---Take-Care-of-Diabetes";
				PRODUCT_NAME = "$(TARGET_NAME)";
				STRING_CATALOG_GENERATE_SYMBOLS = YES;
				SWIFT_APPROACHABLE_CONCURRENCY = YES;
				SWIFT_DEFAULT_ACTOR_ISOLATION = MainActor;
				SWIFT_EMIT_LOC_STRINGS = YES;
				SWIFT_UPCOMING_FEATURE_MEMBER_IMPORT_VISIBILITY = YES;
				SWIFT_VERSION = 5.0;
				TARGETED_DEVICE_FAMILY = "1,2";
			};
			name = Release;
		};
		2FE786462F62060E00A04A50 /* Debug */ = {
			isa = XCBuildConfiguration;
			buildSettings = {
				BUNDLE_LOADER = "$(TEST_HOST)";
				CODE_SIGN_STYLE = Automatic;
				CURRENT_PROJECT_VERSION = 1;
				DEVELOPMENT_TEAM = 5XTU3ZWHX9;
				GENERATE_INFOPLIST_FILE = YES;
				IPHONEOS_DEPLOYMENT_TARGET = 26.0;
				MARKETING_VERSION = 1.0;
				PRODUCT_BUNDLE_IDENTIFIER = "com.AngadKumar16.Sucro---Take-Care-of-DiabetesTests";
				PRODUCT_NAME = "$(TARGET_NAME)";
				STRING_CATALOG_GENERATE_SYMBOLS = NO;
				SWIFT_APPROACHABLE_CONCURRENCY = YES;
				SWIFT_EMIT_LOC_STRINGS = NO;
				SWIFT_UPCOMING_FEATURE_MEMBER_IMPORT_VISIBILITY = YES;
				SWIFT_VERSION = 5.0;
				TARGETED_DEVICE_FAMILY = "1,2";
				TEST_HOST = "$(BUILT_PRODUCTS_DIR)/Sucro - Take Care of Diabetes.app/$(BUNDLE_EXECUTABLE_FOLDER_PATH)/Sucro - Take Care of Diabetes";
			};
			name = Debug;
		};
		2FE786472F62060E00A04A50 /* Release */ = {
			isa = XCBuildConfiguration;
			buildSettings = {
				BUNDLE_LOADER = "$(TEST_HOST)";
				CODE_SIGN_STYLE = Automatic;
				CURRENT_PROJECT_VERSION = 1;
				DEVELOPMENT_TEAM = 5XTU3ZWHX9;
				GENERATE_INFOPLIST_FILE = YES;
				IPHONEOS_DEPLOYMENT_TARGET = 26.0;
				MARKETING_VERSION = 1.0;
				PRODUCT_BUNDLE_IDENTIFIER = "com.AngadKumar16.Sucro---Take-Care-of-DiabetesTests";
				PRODUCT_NAME = "$(TARGET_NAME)";
				STRING_CATALOG_GENERATE_SYMBOLS = NO;
				SWIFT_APPROACHABLE_CONCURRENCY = YES;
				SWIFT_EMIT_LOC_STRINGS = NO;
				SWIFT_UPCOMING_FEATURE_MEMBER_IMPORT_VISIBILITY = YES;
				SWIFT_VERSION = 5.0;
				TARGETED_DEVICE_FAMILY = "1,2";
				TEST_HOST = "$(BUILT_PRODUCTS_DIR)/Sucro - Take Care of Diabetes.app/$(BUNDLE_EXECUTABLE_FOLDER_PATH)/Sucro - Take Care of Diabetes";
			};
			name = Release;
		};
		2FE786492F62060E00A04A50 /* Debug */ = {
			isa = XCBuildConfiguration;
			buildSettings = {
				CODE_SIGN_STYLE = Automatic;
				CURRENT_PROJECT_VERSION = 1;
				DEVELOPMENT_TEAM = 5XTU3ZWHX9;
				GENERATE_INFOPLIST_FILE = YES;
				MARKETING_VERSION = 1.0;
				PRODUCT_BUNDLE_IDENTIFIER = "com.AngadKumar16.Sucro---Take-Care-of-DiabetesUITests";
				PRODUCT_NAME = "$(TARGET_NAME)";
				STRING_CATALOG_GENERATE_SYMBOLS = NO;
				SWIFT_APPROACHABLE_CONCURRENCY = YES;
				SWIFT_EMIT_LOC_STRINGS = NO;
				SWIFT_UPCOMING_FEATURE_MEMBER_IMPORT_VISIBILITY = YES;
				SWIFT_VERSION = 5.0;
				TARGETED_DEVICE_FAMILY = "1,2";
				TEST_TARGET_NAME = "Sucro - Take Care of Diabetes";
			};
			name = Debug;
		};
		2FE7864A2F62060E00A04A50 /* Release */ = {
			isa = XCBuildConfiguration;
			buildSettings = {
				CODE_SIGN_STYLE = Automatic;
				CURRENT_PROJECT_VERSION = 1;
				DEVELOPMENT_TEAM = 5XTU3ZWHX9;
				GENERATE_INFOPLIST_FILE = YES;
				MARKETING_VERSION = 1.0;
				PRODUCT_BUNDLE_IDENTIFIER = "com.AngadKumar16.Sucro---Take-Care-of-DiabetesUITests";
				PRODUCT_NAME = "$(TARGET_NAME)";
				STRING_CATALOG_GENERATE_SYMBOLS = NO;
				SWIFT_APPROACHABLE_CONCURRENCY = YES;
				SWIFT_EMIT_LOC_STRINGS = NO;
				SWIFT_UPCOMING_FEATURE_MEMBER_IMPORT_VISIBILITY = YES;
				SWIFT_VERSION = 5.0;
				TARGETED_DEVICE_FAMILY = "1,2";
				TEST_TARGET_NAME = "Sucro - Take Care of Diabetes";
			};
			name = Release;
		};
/* End XCBuildConfiguration section */

/* Begin XCConfigurationList section */
		2FE786172F62060A00A04A50 /* Build configuration list for PBXProject "Sucro - Take Care of Diabetes" */ = {
			isa = XCConfigurationList;
			buildConfigurations = (
				2FE786402F62060E00A04A50 /* Debug */,
				2FE786412F62060E00A04A50 /* Release */,
			);
			defaultConfigurationIsVisible = 0;
			defaultConfigurationName = Release;
		};
		2FE786422F62060E00A04A50 /* Build configuration list for PBXNativeTarget "Sucro - Take Care of Diabetes" */ = {
			isa = XCConfigurationList;
			buildConfigurations = (
				2FE786432F62060E00A04A50 /* Debug */,
				2FE786442F62060E00A04A50 /* Release */,
			);
			defaultConfigurationIsVisible = 0;
			defaultConfigurationName = Release;
		};
		2FE786452F62060E00A04A50 /* Build configuration list for PBXNativeTarget "Sucro - Take Care of DiabetesTests" */ = {
			isa = XCConfigurationList;
			buildConfigurations = (
				2FE786462F62060E00A04A50 /* Debug */,
				2FE786472F62060E00A04A50 /* Release */,
			);
			defaultConfigurationIsVisible = 0;
			defaultConfigurationName = Release;
		};
		2FE786482F62060E00A04A50 /* Build configuration list for PBXNativeTarget "Sucro - Take Care of DiabetesUITests" */ = {
			isa = XCConfigurationList;
			buildConfigurations = (
				2FE786492F62060E00A04A50 /* Debug */,
				2FE7864A2F62060E00A04A50 /* Release */,
			);
			defaultConfigurationIsVisible = 0;
			defaultConfigurationName = Release;
		};
/* End XCConfigurationList section */
	};
	rootObject = 2FE786142F62060A00A04A50 /* Project object */;
}
